
Microsoft Visual Studio Solution File, Format Version 12.00
# Visual Studio Version 16
VisualStudioVersion = 16.0.31129.286
MinimumVisualStudioVersion = 10.0.40219.1
Project("{2150E333-8FDC-42A3-9474-1A3956D46DE8}") = "services", "services", "{166F3979-3F51-46C2-9C7C-BEC489689D27}"
EndProject
Project("{2150E333-8FDC-42A3-9474-1A3956D46DE8}") = "tests", "tests", "{3F9707DF-F1A8-4237-B03C-2C175605BB1C}"
EndProject
Project("{FAE04EC0-301F-11D3-BF4B-00C04F79EFBC}") = "AdaptiveDialogsBot.BotApp", "services\AdaptiveDialogsBot.BotApp\AdaptiveDialogsBot.BotApp.csproj", "{594BFDAE-9E52-423D-A026-2BDA3B42B84C}"
EndProject
Global
	GlobalSection(SolutionConfigurationPlatforms) = preSolution
		Debug|Any CPU = Debug|Any CPU
		Release|Any CPU = Release|Any CPU
	EndGlobalSection
	GlobalSection(ProjectConfigurationPlatforms) = postSolution
		{594BFDAE-9E52-423D-A026-2BDA3B42B84C}.Debug|Any CPU.ActiveCfg = Debug|Any CPU
		{594BFDAE-9E52-423D-A026-2BDA3B42B84C}.Debug|Any CPU.Build.0 = Debug|Any CPU
		{594BFDAE-9E52-423D-A026-2BDA3B42B84C}.Release|Any CPU.ActiveCfg = Release|Any CPU
		{594BFDAE-9E52-423D-A026-2BDA3B42B84C}.Release|Any CPU.Build.0 = Release|Any CPU
	EndGlobalSection
	GlobalSection(SolutionProperties) = preSolution
		HideSolutionNode = FALSE
	EndGlobalSection
	GlobalSection(NestedProjects) = preSolution
		{594BFDAE-9E52-423D-A026-2BDA3B42B84C} = {166F3979-3F51-46C2-9C7C-BEC489689D27}
	EndGlobalSection
	GlobalSection(ExtensibilityGlobals) = postSolution
		SolutionGuid = {5F10FCB5-02DA-4341-ABD7-B819F62CFAA7}
	EndGlobalSection
EndGlobal
